
Microsoft Visual Studio Solution File, Format Version 12.00
# Visual Studio Version 16
VisualStudioVersion = 16.0.29324.140
MinimumVisualStudioVersion = 10.0.40219.1
Project("{9A19103F-16F7-4668-BE54-9A1E7A4F7556}") = "HeartsClient", "HeartsClient\HeartsClient.csproj", "{32BF5A29-0287-44EB-A2B5-2FDB7512D347}"
EndProject
Project("{9A19103F-16F7-4668-BE54-9A1E7A4F7556}") = "GameMaster", "GameMaster\GameMaster.csproj", "{BA6DA5D7-F9A6-4CF4-A962-A12776B94E02}"
EndProject
Project("{9A19103F-16F7-4668-BE54-9A1E7A4F7556}") = "GameMasterTest", "GameMasterTest\GameMasterTest.csproj", "{F4699A7A-7E67-4D53-AEF5-BFBE99B4037E}"
EndProject
Project("{F088123C-0E9E-452A-89E6-6BA2F21D5CAC}") = "ComponentValidation", "ComponentValidation\ComponentValidation.modelproj", "{A401256B-A1F4-4101-9B28-76E7844C244E}"
EndProject
Project("{9A19103F-16F7-4668-BE54-9A1E7A4F7556}") = "ArtificialIntelligence", "ArtificialPlayer\ArtificialIntelligence.csproj", "{6996AAD1-7A75-4C6F-96B8-35C743CCC820}"
EndProject
Project("{FAE04EC0-301F-11D3-BF4B-00C04F79EFBC}") = "Interfaces", "Interfaces\Interfaces.csproj", "{9BC01283-E3E7-4671-B4CC-89135A786B57}"
EndProject
Global
	GlobalSection(SolutionConfigurationPlatforms) = preSolution
		Debug|Any CPU = Debug|Any CPU
		Release|Any CPU = Release|Any CPU
	EndGlobalSection
	GlobalSection(ProjectConfigurationPlatforms) = postSolution
		{32BF5A29-0287-44EB-A2B5-2FDB7512D347}.Debug|Any CPU.ActiveCfg = Debug|Any CPU
		{32BF5A29-0287-44EB-A2B5-2FDB7512D347}.Debug|Any CPU.Build.0 = Debug|Any CPU
		{32BF5A29-0287-44EB-A2B5-2FDB7512D347}.Release|Any CPU.ActiveCfg = Release|Any CPU
		{32BF5A29-0287-44EB-A2B5-2FDB7512D347}.Release|Any CPU.Build.0 = Release|Any CPU
		{BA6DA5D7-F9A6-4CF4-A962-A12776B94E02}.Debug|Any CPU.ActiveCfg = Debug|Any CPU
		{BA6DA5D7-F9A6-4CF4-A962-A12776B94E02}.Debug|Any CPU.Build.0 = Debug|Any CPU
		{BA6DA5D7-F9A6-4CF4-A962-A12776B94E02}.Release|Any CPU.ActiveCfg = Release|Any CPU
		{BA6DA5D7-F9A6-4CF4-A962-A12776B94E02}.Release|Any CPU.Build.0 = Release|Any CPU
		{F4699A7A-7E67-4D53-AEF5-BFBE99B4037E}.Debug|Any CPU.ActiveCfg = Debug|Any CPU
		{F4699A7A-7E67-4D53-AEF5-BFBE99B4037E}.Debug|Any CPU.Build.0 = Debug|Any CPU
		{F4699A7A-7E67-4D53-AEF5-BFBE99B4037E}.Release|Any CPU.ActiveCfg = Release|Any CPU
		{F4699A7A-7E67-4D53-AEF5-BFBE99B4037E}.Release|Any CPU.Build.0 = Release|Any CPU
		{A401256B-A1F4-4101-9B28-76E7844C244E}.Debug|Any CPU.ActiveCfg = Debug|Any CPU
		{A401256B-A1F4-4101-9B28-76E7844C244E}.Debug|Any CPU.Build.0 = Debug|Any CPU
		{A401256B-A1F4-4101-9B28-76E7844C244E}.Release|Any CPU.ActiveCfg = Release|Any CPU
		{A401256B-A1F4-4101-9B28-76E7844C244E}.Release|Any CPU.Build.0 = Release|Any CPU
		{6996AAD1-7A75-4C6F-96B8-35C743CCC820}.Debug|Any CPU.ActiveCfg = Debug|Any CPU
		{6996AAD1-7A75-4C6F-96B8-35C743CCC820}.Debug|Any CPU.Build.0 = Debug|Any CPU
		{6996AAD1-7A75-4C6F-96B8-35C743CCC820}.Release|Any CPU.ActiveCfg = Release|Any CPU
		{6996AAD1-7A75-4C6F-96B8-35C743CCC820}.Release|Any CPU.Build.0 = Release|Any CPU
		{9BC01283-E3E7-4671-B4CC-89135A786B57}.Debug|Any CPU.ActiveCfg = Debug|Any CPU
		{9BC01283-E3E7-4671-B4CC-89135A786B57}.Debug|Any CPU.Build.0 = Debug|Any CPU
		{9BC01283-E3E7-4671-B4CC-89135A786B57}.Release|Any CPU.ActiveCfg = Release|Any CPU
		{9BC01283-E3E7-4671-B4CC-89135A786B57}.Release|Any CPU.Build.0 = Release|Any CPU
	EndGlobalSection
	GlobalSection(SolutionProperties) = preSolution
		HideSolutionNode = FALSE
	EndGlobalSection
	GlobalSection(ExtensibilityGlobals) = postSolution
		SolutionGuid = {4C442507-BC14-4329-A462-E50E2D44A6AF}
	EndGlobalSection
EndGlobal
